
Microsoft Visual Studio Solution File, Format Version 12.00
# Visual Studio Version 16
VisualStudioVersion = 16.0.29319.158
MinimumVisualStudioVersion = 10.0.40219.1
Project("{FAE04EC0-301F-11D3-BF4B-00C04F79EFBC}") = "Ogar-CSharp", "Ogar-CSharp\Ogar-CSharp.csproj", "{12365675-1FF7-498E-B000-0661A4413129}"
EndProject
Global
	GlobalSection(SolutionConfigurationPlatforms) = preSolution
		Debug|Any CPU = Debug|Any CPU
		Release|Any CPU = Release|Any CPU
	EndGlobalSection
	GlobalSection(ProjectConfigurationPlatforms) = postSolution
		{12365675-1FF7-498E-B000-0661A4413129}.Debug|Any CPU.ActiveCfg = Debug|Any CPU
		{12365675-1FF7-498E-B000-0661A4413129}.Debug|Any CPU.Build.0 = Debug|Any CPU
		{12365675-1FF7-498E-B000-0661A4413129}.Release|Any CPU.ActiveCfg = Release|Any CPU
		{12365675-1FF7-498E-B000-0661A4413129}.Release|Any CPU.Build.0 = Release|Any CPU
	EndGlobalSection
	GlobalSection(SolutionProperties) = preSolution
		HideSolutionNode = FALSE
	EndGlobalSection
	GlobalSection(ExtensibilityGlobals) = postSolution
		SolutionGuid = {2A77861A-E56D-470F-8DA2-FF9087E37FDD}
	EndGlobalSection
EndGlobal
